
Microsoft Visual Studio Solution File, Format Version 12.00
# Visual Studio Version 17
VisualStudioVersion = 17.6.33829.357
MinimumVisualStudioVersion = 10.0.40219.1
Project("{9A19103F-16F7-4668-BE54-9A1E7A4F7556}") = "ReceiverWebApp", "ReceiverWebApp.csproj", "{984E4A2A-F63A-47E6-87FF-04541A787D00}"
EndProject
Project("{9A19103F-16F7-4668-BE54-9A1E7A4F7556}") = "SharedLib", "..\SharedLib\SharedLib.csproj", "{13D0032D-B319-4681-B013-DD21A71DD4F9}"
EndProject
Global
	GlobalSection(SolutionConfigurationPlatforms) = preSolution
		Debug|Any CPU = Debug|Any CPU
		Release|Any CPU = Release|Any CPU
	EndGlobalSection
	GlobalSection(ProjectConfigurationPlatforms) = postSolution
		{984E4A2A-F63A-47E6-87FF-04541A787D00}.Debug|Any CPU.ActiveCfg = Debug|Any CPU
		{984E4A2A-F63A-47E6-87FF-04541A787D00}.Debug|Any CPU.Build.0 = Debug|Any CPU
		{984E4A2A-F63A-47E6-87FF-04541A787D00}.Release|Any CPU.ActiveCfg = Release|Any CPU
		{984E4A2A-F63A-47E6-87FF-04541A787D00}.Release|Any CPU.Build.0 = Release|Any CPU
		{13D0032D-B319-4681-B013-DD21A71DD4F9}.Debug|Any CPU.ActiveCfg = Debug|Any CPU
		{13D0032D-B319-4681-B013-DD21A71DD4F9}.Debug|Any CPU.Build.0 = Debug|Any CPU
		{13D0032D-B319-4681-B013-DD21A71DD4F9}.Release|Any CPU.ActiveCfg = Release|Any CPU
		{13D0032D-B319-4681-B013-DD21A71DD4F9}.Release|Any CPU.Build.0 = Release|Any CPU
	EndGlobalSection
	GlobalSection(SolutionProperties) = preSolution
		HideSolutionNode = FALSE
	EndGlobalSection
	GlobalSection(ExtensibilityGlobals) = postSolution
		SolutionGuid = {E454BDF0-1ABB-4573-8F8D-F1AFBF7DD49B}
	EndGlobalSection
EndGlobal
