
Microsoft Visual Studio Solution File, Format Version 12.00
# Visual Studio Version 17
VisualStudioVersion = 17.9.34714.143
MinimumVisualStudioVersion = 10.0.40219.1
Project("{FAE04EC0-301F-11D3-BF4B-00C04F79EFBC}") = "Integration.Tests", "Integration.Tests.csproj", "{2D44BE83-062B-4102-B754-3D7BB5088E1B}"
EndProject
Project("{9A19103F-16F7-4668-BE54-9A1E7A4F7556}") = "ReceiverWebApp", "..\..\ReceiverWebApp\ReceiverWebApp.csproj", "{156F8E91-1388-485E-AA54-008076FE5C02}"
EndProject
Project("{2150E333-8FDC-42A3-9474-1A3956D46DE8}") = "Source", "Source", "{6DB59092-D95E-4D00-B970-BE0351B7DCE6}"
EndProject
Project("{9A19103F-16F7-4668-BE54-9A1E7A4F7556}") = "ProcessorWebApi", "..\..\ProcessorWebApi\ProcessorWebApi.csproj", "{563259D1-268F-4E57-BFA1-7877825D8B0A}"
EndProject
Global
	GlobalSection(SolutionConfigurationPlatforms) = preSolution
		Debug|Any CPU = Debug|Any CPU
		Release|Any CPU = Release|Any CPU
	EndGlobalSection
	GlobalSection(ProjectConfigurationPlatforms) = postSolution
		{2D44BE83-062B-4102-B754-3D7BB5088E1B}.Debug|Any CPU.ActiveCfg = Debug|Any CPU
		{2D44BE83-062B-4102-B754-3D7BB5088E1B}.Debug|Any CPU.Build.0 = Debug|Any CPU
		{2D44BE83-062B-4102-B754-3D7BB5088E1B}.Release|Any CPU.ActiveCfg = Release|Any CPU
		{2D44BE83-062B-4102-B754-3D7BB5088E1B}.Release|Any CPU.Build.0 = Release|Any CPU
		{156F8E91-1388-485E-AA54-008076FE5C02}.Debug|Any CPU.ActiveCfg = Debug|Any CPU
		{156F8E91-1388-485E-AA54-008076FE5C02}.Debug|Any CPU.Build.0 = Debug|Any CPU
		{156F8E91-1388-485E-AA54-008076FE5C02}.Release|Any CPU.ActiveCfg = Release|Any CPU
		{156F8E91-1388-485E-AA54-008076FE5C02}.Release|Any CPU.Build.0 = Release|Any CPU
		{563259D1-268F-4E57-BFA1-7877825D8B0A}.Debug|Any CPU.ActiveCfg = Debug|Any CPU
		{563259D1-268F-4E57-BFA1-7877825D8B0A}.Debug|Any CPU.Build.0 = Debug|Any CPU
		{563259D1-268F-4E57-BFA1-7877825D8B0A}.Release|Any CPU.ActiveCfg = Release|Any CPU
		{563259D1-268F-4E57-BFA1-7877825D8B0A}.Release|Any CPU.Build.0 = Release|Any CPU
	EndGlobalSection
	GlobalSection(SolutionProperties) = preSolution
		HideSolutionNode = FALSE
	EndGlobalSection
	GlobalSection(NestedProjects) = preSolution
		{156F8E91-1388-485E-AA54-008076FE5C02} = {6DB59092-D95E-4D00-B970-BE0351B7DCE6}
		{563259D1-268F-4E57-BFA1-7877825D8B0A} = {6DB59092-D95E-4D00-B970-BE0351B7DCE6}
	EndGlobalSection
	GlobalSection(ExtensibilityGlobals) = postSolution
		SolutionGuid = {D589C426-F880-4092-9814-604D94B80F3B}
	EndGlobalSection
EndGlobal
