
Microsoft Visual Studio Solution File, Format Version 12.00
# Visual Studio Version 17
VisualStudioVersion = 17.9.34714.143
MinimumVisualStudioVersion = 10.0.40219.1
Project("{9A19103F-16F7-4668-BE54-9A1E7A4F7556}") = "SharedLib.Tests", "SharedLib.Tests.csproj", "{E2B806F0-8187-4AF7-A35D-CBDEC82BD16F}"
EndProject
Project("{9A19103F-16F7-4668-BE54-9A1E7A4F7556}") = "SharedLib", "..\..\SharedLib\SharedLib.csproj", "{4BD604D8-13B7-468A-8837-4049B08DBCE6}"
EndProject
Project("{2150E333-8FDC-42A3-9474-1A3956D46DE8}") = "Source", "Source", "{A5E25C75-BEF4-4B64-BD24-52DE40BD5469}"
EndProject
Global
	GlobalSection(SolutionConfigurationPlatforms) = preSolution
		Debug|Any CPU = Debug|Any CPU
		Release|Any CPU = Release|Any CPU
	EndGlobalSection
	GlobalSection(ProjectConfigurationPlatforms) = postSolution
		{E2B806F0-8187-4AF7-A35D-CBDEC82BD16F}.Debug|Any CPU.ActiveCfg = Debug|Any CPU
		{E2B806F0-8187-4AF7-A35D-CBDEC82BD16F}.Debug|Any CPU.Build.0 = Debug|Any CPU
		{E2B806F0-8187-4AF7-A35D-CBDEC82BD16F}.Release|Any CPU.ActiveCfg = Release|Any CPU
		{E2B806F0-8187-4AF7-A35D-CBDEC82BD16F}.Release|Any CPU.Build.0 = Release|Any CPU
		{4BD604D8-13B7-468A-8837-4049B08DBCE6}.Debug|Any CPU.ActiveCfg = Debug|Any CPU
		{4BD604D8-13B7-468A-8837-4049B08DBCE6}.Debug|Any CPU.Build.0 = Debug|Any CPU
		{4BD604D8-13B7-468A-8837-4049B08DBCE6}.Release|Any CPU.ActiveCfg = Release|Any CPU
		{4BD604D8-13B7-468A-8837-4049B08DBCE6}.Release|Any CPU.Build.0 = Release|Any CPU
	EndGlobalSection
	GlobalSection(SolutionProperties) = preSolution
		HideSolutionNode = FALSE
	EndGlobalSection
	GlobalSection(NestedProjects) = preSolution
		{4BD604D8-13B7-468A-8837-4049B08DBCE6} = {A5E25C75-BEF4-4B64-BD24-52DE40BD5469}
	EndGlobalSection
	GlobalSection(ExtensibilityGlobals) = postSolution
		SolutionGuid = {65D89CDD-6AF2-4AE3-B5B9-61002AC7738E}
	EndGlobalSection
EndGlobal
