
Microsoft Visual Studio Solution File, Format Version 12.00
# Visual Studio Version 17
VisualStudioVersion = 17.9.34714.143
MinimumVisualStudioVersion = 10.0.40219.1
Project("{9A19103F-16F7-4668-BE54-9A1E7A4F7556}") = "ProcessorWebApi.Tests", "ProcessorWebApi.Tests.csproj", "{89758EAC-FD79-4E53-85DC-419E332B814D}"
EndProject
Project("{9A19103F-16F7-4668-BE54-9A1E7A4F7556}") = "ProcessorWebApi", "..\..\ProcessorWebApi\ProcessorWebApi.csproj", "{46B3CD54-EBB2-40DE-ADC1-1288981E6B42}"
EndProject
Project("{2150E333-8FDC-42A3-9474-1A3956D46DE8}") = "Source", "Source", "{99EC931D-53B2-4A66-8084-A5B7D6194AAA}"
EndProject
Global
	GlobalSection(SolutionConfigurationPlatforms) = preSolution
		Debug|Any CPU = Debug|Any CPU
		Release|Any CPU = Release|Any CPU
	EndGlobalSection
	GlobalSection(ProjectConfigurationPlatforms) = postSolution
		{89758EAC-FD79-4E53-85DC-419E332B814D}.Debug|Any CPU.ActiveCfg = Debug|Any CPU
		{89758EAC-FD79-4E53-85DC-419E332B814D}.Debug|Any CPU.Build.0 = Debug|Any CPU
		{89758EAC-FD79-4E53-85DC-419E332B814D}.Release|Any CPU.ActiveCfg = Release|Any CPU
		{89758EAC-FD79-4E53-85DC-419E332B814D}.Release|Any CPU.Build.0 = Release|Any CPU
		{46B3CD54-EBB2-40DE-ADC1-1288981E6B42}.Debug|Any CPU.ActiveCfg = Debug|Any CPU
		{46B3CD54-EBB2-40DE-ADC1-1288981E6B42}.Debug|Any CPU.Build.0 = Debug|Any CPU
		{46B3CD54-EBB2-40DE-ADC1-1288981E6B42}.Release|Any CPU.ActiveCfg = Release|Any CPU
		{46B3CD54-EBB2-40DE-ADC1-1288981E6B42}.Release|Any CPU.Build.0 = Release|Any CPU
	EndGlobalSection
	GlobalSection(SolutionProperties) = preSolution
		HideSolutionNode = FALSE
	EndGlobalSection
	GlobalSection(NestedProjects) = preSolution
		{46B3CD54-EBB2-40DE-ADC1-1288981E6B42} = {99EC931D-53B2-4A66-8084-A5B7D6194AAA}
	EndGlobalSection
	GlobalSection(ExtensibilityGlobals) = postSolution
		SolutionGuid = {62250053-3AE2-4ABE-9145-CE0D5B66BD4C}
	EndGlobalSection
EndGlobal
